// !$*UTF8*$!
{
	archiveVersion = 1;
	classes = {
	};
	objectVersion = 48;
	objects = {

/* Begin PBXBuildFile section */
		1C4A1CD31F72B8D90091D059 /* ChatVC.swift in Sources */ = {isa = PBXBuildFile; fileRef = 1C4A1CD21F72B8D90091D059 /* ChatVC.swift */; };
		1C4A1CD51F72B8EA0091D059 /* ChannelVC.swift in Sources */ = {isa = PBXBuildFile; fileRef = 1C4A1CD41F72B8EA0091D059 /* ChannelVC.swift */; };
		1C4A1CD81F72C0DE0091D059 /* SWRevealViewController.m in Sources */ = {isa = PBXBuildFile; fileRef = 1C4A1CD61F72C0D50091D059 /* SWRevealViewController.m */; };
		1C4A1CDA1F72D4AE0091D059 /* GradientView.swift in Sources */ = {isa = PBXBuildFile; fileRef = 1C4A1CD91F72D4AE0091D059 /* GradientView.swift */; };
		1C4A1CDD1F72E6CC0091D059 /* Constants.swift in Sources */ = {isa = PBXBuildFile; fileRef = 1C4A1CDC1F72E6CC0091D059 /* Constants.swift */; };
		1C4A1CDF1F72EB3E0091D059 /* LoginVC.swift in Sources */ = {isa = PBXBuildFile; fileRef = 1C4A1CDE1F72EB3E0091D059 /* LoginVC.swift */; };
		1C85522C1F71A3E000736485 /* AppDelegate.swift in Sources */ = {isa = PBXBuildFile; fileRef = 1C85522B1F71A3E000736485 /* AppDelegate.swift */; };
		1C8552311F71A3E000736485 /* Main.storyboard in Resources */ = {isa = PBXBuildFile; fileRef = 1C85522F1F71A3E000736485 /* Main.storyboard */; };
		1C8552331F71A3E000736485 /* Assets.xcassets in Resources */ = {isa = PBXBuildFile; fileRef = 1C8552321F71A3E000736485 /* Assets.xcassets */; };
		1C8552361F71A3E000736485 /* LaunchScreen.storyboard in Resources */ = {isa = PBXBuildFile; fileRef = 1C8552341F71A3E000736485 /* LaunchScreen.storyboard */; };
		1CEB90591F74372D00BFAC5A /* CreateAccountVC.swift in Sources */ = {isa = PBXBuildFile; fileRef = 1CEB90581F74372D00BFAC5A /* CreateAccountVC.swift */; };
		F4B06C6AD5A3A06554E1689A /* Pods_smack.framework in Frameworks */ = {isa = PBXBuildFile; fileRef = 228B02D1F6EFFAA90F016136 /* Pods_smack.framework */; };
/* End PBXBuildFile section */

/* Begin PBXFileReference section */
		1C4A1CCF1F72B5260091D059 /* smack-Bridging-Header.h */ = {isa = PBXFileReference; lastKnownFileType = sourcecode.c.h; path = "smack-Bridging-Header.h"; sourceTree = "<group>"; };
		1C4A1CD21F72B8D90091D059 /* ChatVC.swift */ = {isa = PBXFileReference; lastKnownFileType = sourcecode.swift; path = ChatVC.swift; sourceTree = "<group>"; };
		1C4A1CD41F72B8EA0091D059 /* ChannelVC.swift */ = {isa = PBXFileReference; lastKnownFileType = sourcecode.swift; path = ChannelVC.swift; sourceTree = "<group>"; };
		1C4A1CD61F72C0D50091D059 /* SWRevealViewController.m */ = {isa = PBXFileReference; lastKnownFileType = sourcecode.c.objc; path = SWRevealViewController.m; sourceTree = "<group>"; };
		1C4A1CD71F72C0D50091D059 /* SWRevealViewController.h */ = {isa = PBXFileReference; lastKnownFileType = sourcecode.c.h; path = SWRevealViewController.h; sourceTree = "<group>"; };
		1C4A1CD91F72D4AE0091D059 /* GradientView.swift */ = {isa = PBXFileReference; lastKnownFileType = sourcecode.swift; path = GradientView.swift; sourceTree = "<group>"; };
		1C4A1CDC1F72E6CC0091D059 /* Constants.swift */ = {isa = PBXFileReference; lastKnownFileType = sourcecode.swift; path = Constants.swift; sourceTree = "<group>"; };
		1C4A1CDE1F72EB3E0091D059 /* LoginVC.swift */ = {isa = PBXFileReference; lastKnownFileType = sourcecode.swift; path = LoginVC.swift; sourceTree = "<group>"; };
		1C8552281F71A3E000736485 /* smack.app */ = {isa = PBXFileReference; explicitFileType = wrapper.application; includeInIndex = 0; path = smack.app; sourceTree = BUILT_PRODUCTS_DIR; };
		1C85522B1F71A3E000736485 /* AppDelegate.swift */ = {isa = PBXFileReference; lastKnownFileType = sourcecode.swift; path = AppDelegate.swift; sourceTree = "<group>"; };
		1C8552301F71A3E000736485 /* Base */ = {isa = PBXFileReference; lastKnownFileType = file.storyboard; name = Base; path = Base.lproj/Main.storyboard; sourceTree = "<group>"; };
		1C8552321F71A3E000736485 /* Assets.xcassets */ = {isa = PBXFileReference; lastKnownFileType = folder.assetcatalog; path = Assets.xcassets; sourceTree = "<group>"; };
		1C8552351F71A3E000736485 /* Base */ = {isa = PBXFileReference; lastKnownFileType = file.storyboard; name = Base; path = Base.lproj/LaunchScreen.storyboard; sourceTree = "<group>"; };
		1C8552371F71A3E000736485 /* Info.plist */ = {isa = PBXFileReference; lastKnownFileType = text.plist.xml; path = Info.plist; sourceTree = "<group>"; };
		1CEB90581F74372D00BFAC5A /* CreateAccountVC.swift */ = {isa = PBXFileReference; lastKnownFileType = sourcecode.swift; path = CreateAccountVC.swift; sourceTree = "<group>"; };
		228B02D1F6EFFAA90F016136 /* Pods_smack.framework */ = {isa = PBXFileReference; explicitFileType = wrapper.framework; includeInIndex = 0; path = Pods_smack.framework; sourceTree = BUILT_PRODUCTS_DIR; };
		A4601D3D87763DA65A664B73 /* Pods-smack.release.xcconfig */ = {isa = PBXFileReference; includeInIndex = 1; lastKnownFileType = text.xcconfig; name = "Pods-smack.release.xcconfig"; path = "Pods/Target Support Files/Pods-smack/Pods-smack.release.xcconfig"; sourceTree = "<group>"; };
		C29CE8F6A5542673066187DF /* Pods-smack.debug.xcconfig */ = {isa = PBXFileReference; includeInIndex = 1; lastKnownFileType = text.xcconfig; name = "Pods-smack.debug.xcconfig"; path = "Pods/Target Support Files/Pods-smack/Pods-smack.debug.xcconfig"; sourceTree = "<group>"; };
/* End PBXFileReference section */

/* Begin PBXFrameworksBuildPhase section */
		1C8552251F71A3E000736485 /* Frameworks */ = {
			isa = PBXFrameworksBuildPhase;
			buildActionMask = 2147483647;
			files = (
				F4B06C6AD5A3A06554E1689A /* Pods_smack.framework in Frameworks */,
			);
			runOnlyForDeploymentPostprocessing = 0;
		};
/* End PBXFrameworksBuildPhase section */

/* Begin PBXGroup section */
		1C4A1CCE1F72B4DF0091D059 /* Supporting Files */ = {
			isa = PBXGroup;
			children = (
				1C4A1CDC1F72E6CC0091D059 /* Constants.swift */,
				1C4A1CD71F72C0D50091D059 /* SWRevealViewController.h */,
				1C4A1CD61F72C0D50091D059 /* SWRevealViewController.m */,
				1C4A1CCF1F72B5260091D059 /* smack-Bridging-Header.h */,
			);
			path = "Supporting Files";
			sourceTree = "<group>";
		};
		1C85521F1F71A3E000736485 = {
			isa = PBXGroup;
			children = (
				1C85522A1F71A3E000736485 /* smack */,
				1C8552291F71A3E000736485 /* Products */,
				4ABBEFF8C6DE1D70A7E96A26 /* Pods */,
				62EE83C45DF6AB2E09AC7236 /* Frameworks */,
			);
			sourceTree = "<group>";
		};
		1C8552291F71A3E000736485 /* Products */ = {
			isa = PBXGroup;
			children = (
				1C8552281F71A3E000736485 /* smack.app */,
			);
			name = Products;
			sourceTree = "<group>";
		};
		1C85522A1F71A3E000736485 /* smack */ = {
			isa = PBXGroup;
			children = (
				1C8552371F71A3E000736485 /* Info.plist */,
				1C85522B1F71A3E000736485 /* AppDelegate.swift */,
				1C4A1CCE1F72B4DF0091D059 /* Supporting Files */,
				1C85523F1F71A99800736485 /* Model */,
				1C85523E1F71A98F00736485 /* View */,
				1C85523D1F71A97400736485 /* Controller */,
			);
			path = smack;
			sourceTree = "<group>";
		};
		1C85523D1F71A97400736485 /* Controller */ = {
			isa = PBXGroup;
			children = (
				1C4A1CD21F72B8D90091D059 /* ChatVC.swift */,
				1C4A1CD41F72B8EA0091D059 /* ChannelVC.swift */,
				1C4A1CDE1F72EB3E0091D059 /* LoginVC.swift */,
				1CEB90581F74372D00BFAC5A /* CreateAccountVC.swift */,
			);
			path = Controller;
			sourceTree = "<group>";
		};
		1C85523E1F71A98F00736485 /* View */ = {
			isa = PBXGroup;
			children = (
				1C85522F1F71A3E000736485 /* Main.storyboard */,
				1C8552341F71A3E000736485 /* LaunchScreen.storyboard */,
				1C8552321F71A3E000736485 /* Assets.xcassets */,
				1C4A1CD91F72D4AE0091D059 /* GradientView.swift */,
			);
			path = View;
			sourceTree = "<group>";
		};
		1C85523F1F71A99800736485 /* Model */ = {
			isa = PBXGroup;
			children = (
			);
			path = Model;
			sourceTree = "<group>";
		};
		4ABBEFF8C6DE1D70A7E96A26 /* Pods */ = {
			isa = PBXGroup;
			children = (
				C29CE8F6A5542673066187DF /* Pods-smack.debug.xcconfig */,
				A4601D3D87763DA65A664B73 /* Pods-smack.release.xcconfig */,
			);
			name = Pods;
			sourceTree = "<group>";
		};
		62EE83C45DF6AB2E09AC7236 /* Frameworks */ = {
			isa = PBXGroup;
			children = (
				228B02D1F6EFFAA90F016136 /* Pods_smack.framework */,
			);
			name = Frameworks;
			sourceTree = "<group>";
		};
/* End PBXGroup section */

/* Begin PBXNativeTarget section */
		1C8552271F71A3E000736485 /* smack */ = {
			isa = PBXNativeTarget;
			buildConfigurationList = 1C85523A1F71A3E000736485 /* Build configuration list for PBXNativeTarget "smack" */;
			buildPhases = (
				42ECD2F2820E80F7556F584A /* [CP] Check Pods Manifest.lock */,
				1C8552241F71A3E000736485 /* Sources */,
				1C8552251F71A3E000736485 /* Frameworks */,
				1C8552261F71A3E000736485 /* Resources */,
				580C63E65757C1B6043A145E /* [CP] Embed Pods Frameworks */,
				202058C26430A575F4527FE6 /* [CP] Copy Pods Resources */,
			);
			buildRules = (
			);
			dependencies = (
			);
			name = smack;
			productName = smack;
			productReference = 1C8552281F71A3E000736485 /* smack.app */;
			productType = "com.apple.product-type.application";
		};
/* End PBXNativeTarget section */

/* Begin PBXProject section */
		1C8552201F71A3E000736485 /* Project object */ = {
			isa = PBXProject;
			attributes = {
				LastSwiftUpdateCheck = 0900;
				LastUpgradeCheck = 0900;
				ORGANIZATIONNAME = "Think Berkshire";
				TargetAttributes = {
					1C8552271F71A3E000736485 = {
						CreatedOnToolsVersion = 9.0;
						LastSwiftMigration = 0900;
						ProvisioningStyle = Automatic;
					};
				};
			};
			buildConfigurationList = 1C8552231F71A3E000736485 /* Build configuration list for PBXProject "smack" */;
			compatibilityVersion = "Xcode 8.0";
			developmentRegion = en;
			hasScannedForEncodings = 0;
			knownRegions = (
				en,
				Base,
			);
			mainGroup = 1C85521F1F71A3E000736485;
			productRefGroup = 1C8552291F71A3E000736485 /* Products */;
			projectDirPath = "";
			projectRoot = "";
			targets = (
				1C8552271F71A3E000736485 /* smack */,
			);
		};
/* End PBXProject section */

/* Begin PBXResourcesBuildPhase section */
		1C8552261F71A3E000736485 /* Resources */ = {
			isa = PBXResourcesBuildPhase;
			buildActionMask = 2147483647;
			files = (
				1C8552361F71A3E000736485 /* LaunchScreen.storyboard in Resources */,
				1C8552331F71A3E000736485 /* Assets.xcassets in Resources */,
				1C8552311F71A3E000736485 /* Main.storyboard in Resources */,
			);
			runOnlyForDeploymentPostprocessing = 0;
		};
/* End PBXResourcesBuildPhase section */

/* Begin PBXShellScriptBuildPhase section */
		202058C26430A575F4527FE6 /* [CP] Copy Pods Resources */ = {
			isa = PBXShellScriptBuildPhase;
			buildActionMask = 2147483647;
			files = (
			);
			inputPaths = (
			);
			name = "[CP] Copy Pods Resources";
			outputPaths = (
			);
			runOnlyForDeploymentPostprocessing = 0;
			shellPath = /bin/sh;
			shellScript = "\"${SRCROOT}/Pods/Target Support Files/Pods-smack/Pods-smack-resources.sh\"\n";
			showEnvVarsInLog = 0;
		};
		42ECD2F2820E80F7556F584A /* [CP] Check Pods Manifest.lock */ = {
			isa = PBXShellScriptBuildPhase;
			buildActionMask = 2147483647;
			files = (
			);
			inputPaths = (
			);
			name = "[CP] Check Pods Manifest.lock";
			outputPaths = (
			);
			runOnlyForDeploymentPostprocessing = 0;
			shellPath = /bin/sh;
			shellScript = "diff \"${PODS_ROOT}/../Podfile.lock\" \"${PODS_ROOT}/Manifest.lock\" > /dev/null\nif [ $? != 0 ] ; then\n    # print error to STDERR\n    echo \"error: The sandbox is not in sync with the Podfile.lock. Run 'pod install' or update your CocoaPods installation.\" >&2\n    exit 1\nfi\n";
			showEnvVarsInLog = 0;
		};
		580C63E65757C1B6043A145E /* [CP] Embed Pods Frameworks */ = {
			isa = PBXShellScriptBuildPhase;
			buildActionMask = 2147483647;
			files = (
			);
			inputPaths = (
			);
			name = "[CP] Embed Pods Frameworks";
			outputPaths = (
			);
			runOnlyForDeploymentPostprocessing = 0;
			shellPath = /bin/sh;
			shellScript = "\"${SRCROOT}/Pods/Target Support Files/Pods-smack/Pods-smack-frameworks.sh\"\n";
			showEnvVarsInLog = 0;
		};
/* End PBXShellScriptBuildPhase section */

/* Begin PBXSourcesBuildPhase section */
		1C8552241F71A3E000736485 /* Sources */ = {
			isa = PBXSourcesBuildPhase;
			buildActionMask = 2147483647;
			files = (
				1C4A1CD31F72B8D90091D059 /* ChatVC.swift in Sources */,
				1C4A1CD51F72B8EA0091D059 /* ChannelVC.swift in Sources */,
				1CEB90591F74372D00BFAC5A /* CreateAccountVC.swift in Sources */,
				1C4A1CDF1F72EB3E0091D059 /* LoginVC.swift in Sources */,
				1C4A1CDA1F72D4AE0091D059 /* GradientView.swift in Sources */,
				1C85522C1F71A3E000736485 /* AppDelegate.swift in Sources */,
				1C4A1CD81F72C0DE0091D059 /* SWRevealViewController.m in Sources */,
				1C4A1CDD1F72E6CC0091D059 /* Constants.swift in Sources */,
			);
			runOnlyForDeploymentPostprocessing = 0;
		};
/* End PBXSourcesBuildPhase section */

/* Begin PBXVariantGroup section */
		1C85522F1F71A3E000736485 /* Main.storyboard */ = {
			isa = PBXVariantGroup;
			children = (
				1C8552301F71A3E000736485 /* Base */,
			);
			name = Main.storyboard;
			sourceTree = "<group>";
		};
		1C8552341F71A3E000736485 /* LaunchScreen.storyboard */ = {
			isa = PBXVariantGroup;
			children = (
				1C8552351F71A3E000736485 /* Base */,
			);
			name = LaunchScreen.storyboard;
			sourceTree = "<group>";
		};
/* End PBXVariantGroup section */

/* Begin XCBuildConfiguration section */
		1C8552381F71A3E000736485 /* Debug */ = {
			isa = XCBuildConfiguration;
			buildSettings = {
				ALWAYS_SEARCH_USER_PATHS = NO;
				CLANG_ANALYZER_NONNULL = YES;
				CLANG_ANALYZER_NUMBER_OBJECT_CONVERSION = YES_AGGRESSIVE;
				CLANG_CXX_LANGUAGE_STANDARD = "gnu++14";
				CLANG_CXX_LIBRARY = "libc++";
				CLANG_ENABLE_MODULES = YES;
				CLANG_ENABLE_OBJC_ARC = YES;
				CLANG_WARN_BLOCK_CAPTURE_AUTORELEASING = YES;
				CLANG_WARN_BOOL_CONVERSION = YES;
				CLANG_WARN_COMMA = YES;
				CLANG_WARN_CONSTANT_CONVERSION = YES;
				CLANG_WARN_DIRECT_OBJC_ISA_USAGE = YES_ERROR;
				CLANG_WARN_DOCUMENTATION_COMMENTS = YES;
				CLANG_WARN_EMPTY_BODY = YES;
				CLANG_WARN_ENUM_CONVERSION = YES;
				CLANG_WARN_INFINITE_RECURSION = YES;
				CLANG_WARN_INT_CONVERSION = YES;
				CLANG_WARN_NON_LITERAL_NULL_CONVERSION = YES;
				CLANG_WARN_OBJC_LITERAL_CONVERSION = YES;
				CLANG_WARN_OBJC_ROOT_CLASS = YES_ERROR;
				CLANG_WARN_RANGE_LOOP_ANALYSIS = YES;
				CLANG_WARN_STRICT_PROTOTYPES = YES;
				CLANG_WARN_SUSPICIOUS_MOVE = YES;
				CLANG_WARN_UNGUARDED_AVAILABILITY = YES_AGGRESSIVE;
				CLANG_WARN_UNREACHABLE_CODE = YES;
				CLANG_WARN__DUPLICATE_METHOD_MATCH = YES;
				CODE_SIGN_IDENTITY = "iPhone Developer";
				COPY_PHASE_STRIP = NO;
				DEBUG_INFORMATION_FORMAT = dwarf;
				ENABLE_STRICT_OBJC_MSGSEND = YES;
				ENABLE_TESTABILITY = YES;
				GCC_C_LANGUAGE_STANDARD = gnu11;
				GCC_DYNAMIC_NO_PIC = NO;
				GCC_NO_COMMON_BLOCKS = YES;
				GCC_OPTIMIZATION_LEVEL = 0;
				GCC_PREPROCESSOR_DEFINITIONS = (
					"DEBUG=1",
					"$(inherited)",
				);
				GCC_WARN_64_TO_32_BIT_CONVERSION = YES;
				GCC_WARN_ABOUT_RETURN_TYPE = YES_ERROR;
				GCC_WARN_UNDECLARED_SELECTOR = YES;
				GCC_WARN_UNINITIALIZED_AUTOS = YES_AGGRESSIVE;
				GCC_WARN_UNUSED_FUNCTION = YES;
				GCC_WARN_UNUSED_VARIABLE = YES;
				IPHONEOS_DEPLOYMENT_TARGET = 11.0;
				MTL_ENABLE_DEBUG_INFO = YES;
				ONLY_ACTIVE_ARCH = YES;
				SDKROOT = iphoneos;
				SWIFT_ACTIVE_COMPILATION_CONDITIONS = DEBUG;
				SWIFT_OPTIMIZATION_LEVEL = "-Onone";
			};
			name = Debug;
		};
		1C8552391F71A3E000736485 /* Release */ = {
			isa = XCBuildConfiguration;
			buildSettings = {
				ALWAYS_SEARCH_USER_PATHS = NO;
				CLANG_ANALYZER_NONNULL = YES;
				CLANG_ANALYZER_NUMBER_OBJECT_CONVERSION = YES_AGGRESSIVE;
				CLANG_CXX_LANGUAGE_STANDARD = "gnu++14";
				CLANG_CXX_LIBRARY = "libc++";
				CLANG_ENABLE_MODULES = YES;
				CLANG_ENABLE_OBJC_ARC = YES;
				CLANG_WARN_BLOCK_CAPTURE_AUTORELEASING = YES;
				CLANG_WARN_BOOL_CONVERSION = YES;
				CLANG_WARN_COMMA = YES;
				CLANG_WARN_CONSTANT_CONVERSION = YES;
				CLANG_WARN_DIRECT_OBJC_ISA_USAGE = YES_ERROR;
				CLANG_WARN_DOCUMENTATION_COMMENTS = YES;
				CLANG_WARN_EMPTY_BODY = YES;
				CLANG_WARN_ENUM_CONVERSION = YES;
				CLANG_WARN_INFINITE_RECURSION = YES;
				CLANG_WARN_INT_CONVERSION = YES;
				CLANG_WARN_NON_LITERAL_NULL_CONVERSION = YES;
				CLANG_WARN_OBJC_LITERAL_CONVERSION = YES;
				CLANG_WARN_OBJC_ROOT_CLASS = YES_ERROR;
				CLANG_WARN_RANGE_LOOP_ANALYSIS = YES;
				CLANG_WARN_STRICT_PROTOTYPES = YES;
				CLANG_WARN_SUSPICIOUS_MOVE = YES;
				CLANG_WARN_UNGUARDED_AVAILABILITY = YES_AGGRESSIVE;
				CLANG_WARN_UNREACHABLE_CODE = YES;
				CLANG_WARN__DUPLICATE_METHOD_MATCH = YES;
				CODE_SIGN_IDENTITY = "iPhone Developer";
				COPY_PHASE_STRIP = NO;
				DEBUG_INFORMATION_FORMAT = "dwarf-with-dsym";
				ENABLE_NS_ASSERTIONS = NO;
				ENABLE_STRICT_OBJC_MSGSEND = YES;
				GCC_C_LANGUAGE_STANDARD = gnu11;
				GCC_NO_COMMON_BLOCKS = YES;
				GCC_WARN_64_TO_32_BIT_CONVERSION = YES;
				GCC_WARN_ABOUT_RETURN_TYPE = YES_ERROR;
				GCC_WARN_UNDECLARED_SELECTOR = YES;
				GCC_WARN_UNINITIALIZED_AUTOS = YES_AGGRESSIVE;
				GCC_WARN_UNUSED_FUNCTION = YES;
				GCC_WARN_UNUSED_VARIABLE = YES;
				IPHONEOS_DEPLOYMENT_TARGET = 11.0;
				MTL_ENABLE_DEBUG_INFO = NO;
				SDKROOT = iphoneos;
				SWIFT_OPTIMIZATION_LEVEL = "-Owholemodule";
				VALIDATE_PRODUCT = YES;
			};
			name = Release;
		};
		1C85523B1F71A3E000736485 /* Debug */ = {
			isa = XCBuildConfiguration;
			baseConfigurationReference = C29CE8F6A5542673066187DF /* Pods-smack.debug.xcconfig */;
			buildSettings = {
				ASSETCATALOG_COMPILER_APPICON_NAME = AppIcon;
				CLANG_ENABLE_MODULES = YES;
				CODE_SIGN_STYLE = Automatic;
				DEVELOPMENT_TEAM = 688NX2GMRC;
				INFOPLIST_FILE = smack/Info.plist;
				LD_RUNPATH_SEARCH_PATHS = "$(inherited) @executable_path/Frameworks";
				PRODUCT_BUNDLE_IDENTIFIER = com.thinkberkshire.smack;
				PRODUCT_NAME = "$(TARGET_NAME)";
				SWIFT_OBJC_BRIDGING_HEADER = "smack/Supporting Files/smack-Bridging-Header.h";
				SWIFT_OPTIMIZATION_LEVEL = "-Onone";
				SWIFT_VERSION = 4.0;
				TARGETED_DEVICE_FAMILY = "1,2";
			};
			name = Debug;
		};
		1C85523C1F71A3E000736485 /* Release */ = {
			isa = XCBuildConfiguration;
			baseConfigurationReference = A4601D3D87763DA65A664B73 /* Pods-smack.release.xcconfig */;
			buildSettings = {
				ASSETCATALOG_COMPILER_APPICON_NAME = AppIcon;
				CLANG_ENABLE_MODULES = YES;
				CODE_SIGN_STYLE = Automatic;
				DEVELOPMENT_TEAM = 688NX2GMRC;
				INFOPLIST_FILE = smack/Info.plist;
				LD_RUNPATH_SEARCH_PATHS = "$(inherited) @executable_path/Frameworks";
				PRODUCT_BUNDLE_IDENTIFIER = com.thinkberkshire.smack;
				PRODUCT_NAME = "$(TARGET_NAME)";
				SWIFT_OBJC_BRIDGING_HEADER = "smack/Supporting Files/smack-Bridging-Header.h";
				SWIFT_VERSION = 4.0;
				TARGETED_DEVICE_FAMILY = "1,2";
			};
			name = Release;
		};
/* End XCBuildConfiguration section */

/* Begin XCConfigurationList section */
		1C8552231F71A3E000736485 /* Build configuration list for PBXProject "smack" */ = {
			isa = XCConfigurationList;
			buildConfigurations = (
				1C8552381F71A3E000736485 /* Debug */,
				1C8552391F71A3E000736485 /* Release */,
			);
			defaultConfigurationIsVisible = 0;
			defaultConfigurationName = Release;
		};
		1C85523A1F71A3E000736485 /* Build configuration list for PBXNativeTarget "smack" */ = {
			isa = XCConfigurationList;
			buildConfigurations = (
				1C85523B1F71A3E000736485 /* Debug */,
				1C85523C1F71A3E000736485 /* Release */,
			);
			defaultConfigurationIsVisible = 0;
			defaultConfigurationName = Release;
		};
/* End XCConfigurationList section */
	};
	rootObject = 1C8552201F71A3E000736485 /* Project object */;
}
